
Microsoft Visual Studio Solution File, Format Version 12.00
# Visual Studio 15
VisualStudioVersion = 15.0.28307.271
MinimumVisualStudioVersion = 10.0.40219.1
Project("{FAE04EC0-301F-11D3-BF4B-00C04F79EFBC}") = "NeuralNetwork", "Network\NeuralNetwork.csproj", "{CC4A2D73-1118-4683-9969-22D5B7268629}"
EndProject
Global
	GlobalSection(SolutionConfigurationPlatforms) = preSolution
		Debug|Any CPU = Debug|Any CPU
		Release|Any CPU = Release|Any CPU
	EndGlobalSection
	GlobalSection(ProjectConfigurationPlatforms) = postSolution
		{CC4A2D73-1118-4683-9969-22D5B7268629}.Debug|Any CPU.ActiveCfg = Debug|Any CPU
		{CC4A2D73-1118-4683-9969-22D5B7268629}.Debug|Any CPU.Build.0 = Debug|Any CPU
		{CC4A2D73-1118-4683-9969-22D5B7268629}.Release|Any CPU.ActiveCfg = Release|Any CPU
		{CC4A2D73-1118-4683-9969-22D5B7268629}.Release|Any CPU.Build.0 = Release|Any CPU
	EndGlobalSection
	GlobalSection(SolutionProperties) = preSolution
		HideSolutionNode = FALSE
	EndGlobalSection
	GlobalSection(ExtensibilityGlobals) = postSolution
		SolutionGuid = {B7E3ADB8-9A19-4E70-974F-329D9BBA30D2}
	EndGlobalSection
EndGlobal
